// !$*UTF8*$!
{
	archiveVersion = 1;
	classes = {
	};
	objectVersion = 55;
	objects = {

/* Begin PBXBuildFile section */
		35FD8C102843B261000CB9E4 /* AppDelegate.swift in Sources */ = {isa = PBXBuildFile; fileRef = 35FD8C0F2843B261000CB9E4 /* AppDelegate.swift */; };
		35FD8C122843B261000CB9E4 /* SceneDelegate.swift in Sources */ = {isa = PBXBuildFile; fileRef = 35FD8C112843B261000CB9E4 /* SceneDelegate.swift */; };
		35FD8C142843B261000CB9E4 /* ViewController.swift in Sources */ = {isa = PBXBuildFile; fileRef = 35FD8C132843B261000CB9E4 /* ViewController.swift */; };
		35FD8C172843B261000CB9E4 /* Main.storyboard in Resources */ = {isa = PBXBuildFile; fileRef = 35FD8C152843B261000CB9E4 /* Main.storyboard */; };
		35FD8C192843B263000CB9E4 /* Assets.xcassets in Resources */ = {isa = PBXBuildFile; fileRef = 35FD8C182843B263000CB9E4 /* Assets.xcassets */; };
		35FD8C1C2843B263000CB9E4 /* LaunchScreen.storyboard in Resources */ = {isa = PBXBuildFile; fileRef = 35FD8C1A2843B263000CB9E4 /* LaunchScreen.storyboard */; };
		35FD8C272843B263000CB9E4 /* twitterTests.swift in Sources */ = {isa = PBXBuildFile; fileRef = 35FD8C262843B263000CB9E4 /* twitterTests.swift */; };
		35FD8C312843B263000CB9E4 /* twitterUITests.swift in Sources */ = {isa = PBXBuildFile; fileRef = 35FD8C302843B263000CB9E4 /* twitterUITests.swift */; };
		35FD8C332843B263000CB9E4 /* twitterUITestsLaunchTests.swift in Sources */ = {isa = PBXBuildFile; fileRef = 35FD8C322843B263000CB9E4 /* twitterUITestsLaunchTests.swift */; };
/* End PBXBuildFile section */

/* Begin PBXContainerItemProxy section */
		35FD8C232843B263000CB9E4 /* PBXContainerItemProxy */ = {
			isa = PBXContainerItemProxy;
			containerPortal = 35FD8C042843B261000CB9E4 /* Project object */;
			proxyType = 1;
			remoteGlobalIDString = 35FD8C0B2843B261000CB9E4;
			remoteInfo = twitter;
		};
		35FD8C2D2843B263000CB9E4 /* PBXContainerItemProxy */ = {
			isa = PBXContainerItemProxy;
			containerPortal = 35FD8C042843B261000CB9E4 /* Project object */;
			proxyType = 1;
			remoteGlobalIDString = 35FD8C0B2843B261000CB9E4;
			remoteInfo = twitter;
		};
/* End PBXContainerItemProxy section */

/* Begin PBXFileReference section */
		35FD8C0C2843B261000CB9E4 /* twitter.app */ = {isa = PBXFileReference; explicitFileType = wrapper.application; includeInIndex = 0; path = twitter.app; sourceTree = BUILT_PRODUCTS_DIR; };
		35FD8C0F2843B261000CB9E4 /* AppDelegate.swift */ = {isa = PBXFileReference; lastKnownFileType = sourcecode.swift; path = AppDelegate.swift; sourceTree = "<group>"; };
		35FD8C112843B261000CB9E4 /* SceneDelegate.swift */ = {isa = PBXFileReference; lastKnownFileType = sourcecode.swift; path = SceneDelegate.swift; sourceTree = "<group>"; };
		35FD8C132843B261000CB9E4 /* ViewController.swift */ = {isa = PBXFileReference; lastKnownFileType = sourcecode.swift; path = ViewController.swift; sourceTree = "<group>"; };
		35FD8C162843B261000CB9E4 /* Base */ = {isa = PBXFileReference; lastKnownFileType = file.storyboard; name = Base; path = Base.lproj/Main.storyboard; sourceTree = "<group>"; };
		35FD8C182843B263000CB9E4 /* Assets.xcassets */ = {isa = PBXFileReference; lastKnownFileType = folder.assetcatalog; path = Assets.xcassets; sourceTree = "<group>"; };
		35FD8C1B2843B263000CB9E4 /* Base */ = {isa = PBXFileReference; lastKnownFileType = file.storyboard; name = Base; path = Base.lproj/LaunchScreen.storyboard; sourceTree = "<group>"; };
		35FD8C1D2843B263000CB9E4 /* Info.plist */ = {isa = PBXFileReference; lastKnownFileType = text.plist.xml; path = Info.plist; sourceTree = "<group>"; };
		35FD8C222843B263000CB9E4 /* twitterTests.xctest */ = {isa = PBXFileReference; explicitFileType = wrapper.cfbundle; includeInIndex = 0; path = twitterTests.xctest; sourceTree = BUILT_PRODUCTS_DIR; };
		35FD8C262843B263000CB9E4 /* twitterTests.swift */ = {isa = PBXFileReference; lastKnownFileType = sourcecode.swift; path = twitterTests.swift; sourceTree = "<group>"; };
		35FD8C2C2843B263000CB9E4 /* twitterUITests.xctest */ = {isa = PBXFileReference; explicitFileType = wrapper.cfbundle; includeInIndex = 0; path = twitterUITests.xctest; sourceTree = BUILT_PRODUCTS_DIR; };
		35FD8C302843B263000CB9E4 /* twitterUITests.swift */ = {isa = PBXFileReference; lastKnownFileType = sourcecode.swift; path = twitterUITests.swift; sourceTree = "<group>"; };
		35FD8C322843B263000CB9E4 /* twitterUITestsLaunchTests.swift */ = {isa = PBXFileReference; lastKnownFileType = sourcecode.swift; path = twitterUITestsLaunchTests.swift; sourceTree = "<group>"; };
/* End PBXFileReference section */

/* Begin PBXFrameworksBuildPhase section */
		35FD8C092843B261000CB9E4 /* Frameworks */ = {
			isa = PBXFrameworksBuildPhase;
			buildActionMask = 2147483647;
			files = (
			);
			runOnlyForDeploymentPostprocessing = 0;
		};
		35FD8C1F2843B263000CB9E4 /* Frameworks */ = {
			isa = PBXFrameworksBuildPhase;
			buildActionMask = 2147483647;
			files = (
			);
			runOnlyForDeploymentPostprocessing = 0;
		};
		35FD8C292843B263000CB9E4 /* Frameworks */ = {
			isa = PBXFrameworksBuildPhase;
			buildActionMask = 2147483647;
			files = (
			);
			runOnlyForDeploymentPostprocessing = 0;
		};
/* End PBXFrameworksBuildPhase section */

/* Begin PBXGroup section */
		35FD8C032843B261000CB9E4 = {
			isa = PBXGroup;
			children = (
				35FD8C0E2843B261000CB9E4 /* twitter */,
				35FD8C252843B263000CB9E4 /* twitterTests */,
				35FD8C2F2843B263000CB9E4 /* twitterUITests */,
				35FD8C0D2843B261000CB9E4 /* Products */,
			);
			sourceTree = "<group>";
		};
		35FD8C0D2843B261000CB9E4 /* Products */ = {
			isa = PBXGroup;
			children = (
				35FD8C0C2843B261000CB9E4 /* twitter.app */,
				35FD8C222843B263000CB9E4 /* twitterTests.xctest */,
				35FD8C2C2843B263000CB9E4 /* twitterUITests.xctest */,
			);
			name = Products;
			sourceTree = "<group>";
		};
		35FD8C0E2843B261000CB9E4 /* twitter */ = {
			isa = PBXGroup;
			children = (
				35FD8C0F2843B261000CB9E4 /* AppDelegate.swift */,
				35FD8C112843B261000CB9E4 /* SceneDelegate.swift */,
				35FD8C132843B261000CB9E4 /* ViewController.swift */,
				35FD8C152843B261000CB9E4 /* Main.storyboard */,
				35FD8C182843B263000CB9E4 /* Assets.xcassets */,
				35FD8C1A2843B263000CB9E4 /* LaunchScreen.storyboard */,
				35FD8C1D2843B263000CB9E4 /* Info.plist */,
			);
			path = twitter;
			sourceTree = "<group>";
		};
		35FD8C252843B263000CB9E4 /* twitterTests */ = {
			isa = PBXGroup;
			children = (
				35FD8C262843B263000CB9E4 /* twitterTests.swift */,
			);
			path = twitterTests;
			sourceTree = "<group>";
		};
		35FD8C2F2843B263000CB9E4 /* twitterUITests */ = {
			isa = PBXGroup;
			children = (
				35FD8C302843B263000CB9E4 /* twitterUITests.swift */,
				35FD8C322843B263000CB9E4 /* twitterUITestsLaunchTests.swift */,
			);
			path = twitterUITests;
			sourceTree = "<group>";
		};
/* End PBXGroup section */

/* Begin PBXNativeTarget section */
		35FD8C0B2843B261000CB9E4 /* twitter */ = {
			isa = PBXNativeTarget;
			buildConfigurationList = 35FD8C362843B263000CB9E4 /* Build configuration list for PBXNativeTarget "twitter" */;
			buildPhases = (
				35FD8C082843B261000CB9E4 /* Sources */,
				35FD8C092843B261000CB9E4 /* Frameworks */,
				35FD8C0A2843B261000CB9E4 /* Resources */,
			);
			buildRules = (
			);
			dependencies = (
			);
			name = twitter;
			productName = twitter;
			productReference = 35FD8C0C2843B261000CB9E4 /* twitter.app */;
			productType = "com.apple.product-type.application";
		};
		35FD8C212843B263000CB9E4 /* twitterTests */ = {
			isa = PBXNativeTarget;
			buildConfigurationList = 35FD8C392843B263000CB9E4 /* Build configuration list for PBXNativeTarget "twitterTests" */;
			buildPhases = (
				35FD8C1E2843B263000CB9E4 /* Sources */,
				35FD8C1F2843B263000CB9E4 /* Frameworks */,
				35FD8C202843B263000CB9E4 /* Resources */,
			);
			buildRules = (
			);
			dependencies = (
				35FD8C242843B263000CB9E4 /* PBXTargetDependency */,
			);
			name = twitterTests;
			productName = twitterTests;
			productReference = 35FD8C222843B263000CB9E4 /* twitterTests.xctest */;
			productType = "com.apple.product-type.bundle.unit-test";
		};
		35FD8C2B2843B263000CB9E4 /* twitterUITests */ = {
			isa = PBXNativeTarget;
			buildConfigurationList = 35FD8C3C2843B263000CB9E4 /* Build configuration list for PBXNativeTarget "twitterUITests" */;
			buildPhases = (
				35FD8C282843B263000CB9E4 /* Sources */,
				35FD8C292843B263000CB9E4 /* Frameworks */,
				35FD8C2A2843B263000CB9E4 /* Resources */,
			);
			buildRules = (
			);
			dependencies = (
				35FD8C2E2843B263000CB9E4 /* PBXTargetDependency */,
			);
			name = twitterUITests;
			productName = twitterUITests;
			productReference = 35FD8C2C2843B263000CB9E4 /* twitterUITests.xctest */;
			productType = "com.apple.product-type.bundle.ui-testing";
		};
/* End PBXNativeTarget section */

/* Begin PBXProject section */
		35FD8C042843B261000CB9E4 /* Project object */ = {
			isa = PBXProject;
			attributes = {
				BuildIndependentTargetsInParallel = 1;
				LastSwiftUpdateCheck = 1330;
				LastUpgradeCheck = 1330;
				TargetAttributes = {
					35FD8C0B2843B261000CB9E4 = {
						CreatedOnToolsVersion = 13.3;
					};
					35FD8C212843B263000CB9E4 = {
						CreatedOnToolsVersion = 13.3;
						TestTargetID = 35FD8C0B2843B261000CB9E4;
					};
					35FD8C2B2843B263000CB9E4 = {
						CreatedOnToolsVersion = 13.3;
						TestTargetID = 35FD8C0B2843B261000CB9E4;
					};
				};
			};
			buildConfigurationList = 35FD8C072843B261000CB9E4 /* Build configuration list for PBXProject "twitter" */;
			compatibilityVersion = "Xcode 13.0";
			developmentRegion = en;
			hasScannedForEncodings = 0;
			knownRegions = (
				en,
				Base,
			);
			mainGroup = 35FD8C032843B261000CB9E4;
			productRefGroup = 35FD8C0D2843B261000CB9E4 /* Products */;
			projectDirPath = "";
			projectRoot = "";
			targets = (
				35FD8C0B2843B261000CB9E4 /* twitter */,
				35FD8C212843B263000CB9E4 /* twitterTests */,
				35FD8C2B2843B263000CB9E4 /* twitterUITests */,
			);
		};
/* End PBXProject section */

/* Begin PBXResourcesBuildPhase section */
		35FD8C0A2843B261000CB9E4 /* Resources */ = {
			isa = PBXResourcesBuildPhase;
			buildActionMask = 2147483647;
			files = (
				35FD8C1C2843B263000CB9E4 /* LaunchScreen.storyboard in Resources */,
				35FD8C192843B263000CB9E4 /* Assets.xcassets in Resources */,
				35FD8C172843B261000CB9E4 /* Main.storyboard in Resources */,
			);
			runOnlyForDeploymentPostprocessing = 0;
		};
		35FD8C202843B263000CB9E4 /* Resources */ = {
			isa = PBXResourcesBuildPhase;
			buildActionMask = 2147483647;
			files = (
			);
			runOnlyForDeploymentPostprocessing = 0;
		};
		35FD8C2A2843B263000CB9E4 /* Resources */ = {
			isa = PBXResourcesBuildPhase;
			buildActionMask = 2147483647;
			files = (
			);
			runOnlyForDeploymentPostprocessing = 0;
		};
/* End PBXResourcesBuildPhase section */

/* Begin PBXSourcesBuildPhase section */
		35FD8C082843B261000CB9E4 /* Sources */ = {
			isa = PBXSourcesBuildPhase;
			buildActionMask = 2147483647;
			files = (
				35FD8C142843B261000CB9E4 /* ViewController.swift in Sources */,
				35FD8C102843B261000CB9E4 /* AppDelegate.swift in Sources */,
				35FD8C122843B261000CB9E4 /* SceneDelegate.swift in Sources */,
			);
			runOnlyForDeploymentPostprocessing = 0;
		};
		35FD8C1E2843B263000CB9E4 /* Sources */ = {
			isa = PBXSourcesBuildPhase;
			buildActionMask = 2147483647;
			files = (
				35FD8C272843B263000CB9E4 /* twitterTests.swift in Sources */,
			);
			runOnlyForDeploymentPostprocessing = 0;
		};
		35FD8C282843B263000CB9E4 /* Sources */ = {
			isa = PBXSourcesBuildPhase;
			buildActionMask = 2147483647;
			files = (
				35FD8C332843B263000CB9E4 /* twitterUITestsLaunchTests.swift in Sources */,
				35FD8C312843B263000CB9E4 /* twitterUITests.swift in Sources */,
			);
			runOnlyForDeploymentPostprocessing = 0;
		};
/* End PBXSourcesBuildPhase section */

/* Begin PBXTargetDependency section */
		35FD8C242843B263000CB9E4 /* PBXTargetDependency */ = {
			isa = PBXTargetDependency;
			target = 35FD8C0B2843B261000CB9E4 /* twitter */;
			targetProxy = 35FD8C232843B263000CB9E4 /* PBXContainerItemProxy */;
		};
		35FD8C2E2843B263000CB9E4 /* PBXTargetDependency */ = {
			isa = PBXTargetDependency;
			target = 35FD8C0B2843B261000CB9E4 /* twitter */;
			targetProxy = 35FD8C2D2843B263000CB9E4 /* PBXContainerItemProxy */;
		};
/* End PBXTargetDependency section */

/* Begin PBXVariantGroup section */
		35FD8C152843B261000CB9E4 /* Main.storyboard */ = {
			isa = PBXVariantGroup;
			children = (
				35FD8C162843B261000CB9E4 /* Base */,
			);
			name = Main.storyboard;
			sourceTree = "<group>";
		};
		35FD8C1A2843B263000CB9E4 /* LaunchScreen.storyboard */ = {
			isa = PBXVariantGroup;
			children = (
				35FD8C1B2843B263000CB9E4 /* Base */,
			);
			name = LaunchScreen.storyboard;
			sourceTree = "<group>";
		};
/* End PBXVariantGroup section */

/* Begin XCBuildConfiguration section */
		35FD8C342843B263000CB9E4 /* Debug */ = {
			isa = XCBuildConfiguration;
			buildSettings = {
				ALWAYS_SEARCH_USER_PATHS = NO;
				CLANG_ANALYZER_NONNULL = YES;
				CLANG_ANALYZER_NUMBER_OBJECT_CONVERSION = YES_AGGRESSIVE;
				CLANG_CXX_LANGUAGE_STANDARD = "gnu++17";
				CLANG_ENABLE_MODULES = YES;
				CLANG_ENABLE_OBJC_ARC = YES;
				CLANG_ENABLE_OBJC_WEAK = YES;
				CLANG_WARN_BLOCK_CAPTURE_AUTORELEASING = YES;
				CLANG_WARN_BOOL_CONVERSION = YES;
				CLANG_WARN_COMMA = YES;
				CLANG_WARN_CONSTANT_CONVERSION = YES;
				CLANG_WARN_DEPRECATED_OBJC_IMPLEMENTATIONS = YES;
				CLANG_WARN_DIRECT_OBJC_ISA_USAGE = YES_ERROR;
				CLANG_WARN_DOCUMENTATION_COMMENTS = YES;
				CLANG_WARN_EMPTY_BODY = YES;
				CLANG_WARN_ENUM_CONVERSION = YES;
				CLANG_WARN_INFINITE_RECURSION = YES;
				CLANG_WARN_INT_CONVERSION = YES;
				CLANG_WARN_NON_LITERAL_NULL_CONVERSION = YES;
				CLANG_WARN_OBJC_IMPLICIT_RETAIN_SELF = YES;
				CLANG_WARN_OBJC_LITERAL_CONVERSION = YES;
				CLANG_WARN_OBJC_ROOT_CLASS = YES_ERROR;
				CLANG_WARN_QUOTED_INCLUDE_IN_FRAMEWORK_HEADER = YES;
				CLANG_WARN_RANGE_LOOP_ANALYSIS = YES;
				CLANG_WARN_STRICT_PROTOTYPES = YES;
				CLANG_WARN_SUSPICIOUS_MOVE = YES;
				CLANG_WARN_UNGUARDED_AVAILABILITY = YES_AGGRESSIVE;
				CLANG_WARN_UNREACHABLE_CODE = YES;
				CLANG_WARN__DUPLICATE_METHOD_MATCH = YES;
				COPY_PHASE_STRIP = NO;
				DEBUG_INFORMATION_FORMAT = dwarf;
				ENABLE_STRICT_OBJC_MSGSEND = YES;
				ENABLE_TESTABILITY = YES;
				GCC_C_LANGUAGE_STANDARD = gnu11;
				GCC_DYNAMIC_NO_PIC = NO;
				GCC_NO_COMMON_BLOCKS = YES;
				GCC_OPTIMIZATION_LEVEL = 0;
				GCC_PREPROCESSOR_DEFINITIONS = (
					"DEBUG=1",
					"$(inherited)",
				);
				GCC_WARN_64_TO_32_BIT_CONVERSION = YES;
				GCC_WARN_ABOUT_RETURN_TYPE = YES_ERROR;
				GCC_WARN_UNDECLARED_SELECTOR = YES;
				GCC_WARN_UNINITIALIZED_AUTOS = YES_AGGRESSIVE;
				GCC_WARN_UNUSED_FUNCTION = YES;
				GCC_WARN_UNUSED_VARIABLE = YES;
				IPHONEOS_DEPLOYMENT_TARGET = 15.4;
				MTL_ENABLE_DEBUG_INFO = INCLUDE_SOURCE;
				MTL_FAST_MATH = YES;
				ONLY_ACTIVE_ARCH = YES;
				SDKROOT = iphoneos;
				SWIFT_ACTIVE_COMPILATION_CONDITIONS = DEBUG;
				SWIFT_OPTIMIZATION_LEVEL = "-Onone";
			};
			name = Debug;
		};
		35FD8C352843B263000CB9E4 /* Release */ = {
			isa = XCBuildConfiguration;
			buildSettings = {
				ALWAYS_SEARCH_USER_PATHS = NO;
				CLANG_ANALYZER_NONNULL = YES;
				CLANG_ANALYZER_NUMBER_OBJECT_CONVERSION = YES_AGGRESSIVE;
				CLANG_CXX_LANGUAGE_STANDARD = "gnu++17";
				CLANG_ENABLE_MODULES = YES;
				CLANG_ENABLE_OBJC_ARC = YES;
				CLANG_ENABLE_OBJC_WEAK = YES;
				CLANG_WARN_BLOCK_CAPTURE_AUTORELEASING = YES;
				CLANG_WARN_BOOL_CONVERSION = YES;
				CLANG_WARN_COMMA = YES;
				CLANG_WARN_CONSTANT_CONVERSION = YES;
				CLANG_WARN_DEPRECATED_OBJC_IMPLEMENTATIONS = YES;
				CLANG_WARN_DIRECT_OBJC_ISA_USAGE = YES_ERROR;
				CLANG_WARN_DOCUMENTATION_COMMENTS = YES;
				CLANG_WARN_EMPTY_BODY = YES;
				CLANG_WARN_ENUM_CONVERSION = YES;
				CLANG_WARN_INFINITE_RECURSION = YES;
				CLANG_WARN_INT_CONVERSION = YES;
				CLANG_WARN_NON_LITERAL_NULL_CONVERSION = YES;
				CLANG_WARN_OBJC_IMPLICIT_RETAIN_SELF = YES;
				CLANG_WARN_OBJC_LITERAL_CONVERSION = YES;
				CLANG_WARN_OBJC_ROOT_CLASS = YES_ERROR;
				CLANG_WARN_QUOTED_INCLUDE_IN_FRAMEWORK_HEADER = YES;
				CLANG_WARN_RANGE_LOOP_ANALYSIS = YES;
				CLANG_WARN_STRICT_PROTOTYPES = YES;
				CLANG_WARN_SUSPICIOUS_MOVE = YES;
				CLANG_WARN_UNGUARDED_AVAILABILITY = YES_AGGRESSIVE;
				CLANG_WARN_UNREACHABLE_CODE = YES;
				CLANG_WARN__DUPLICATE_METHOD_MATCH = YES;
				COPY_PHASE_STRIP = NO;
				DEBUG_INFORMATION_FORMAT = "dwarf-with-dsym";
				ENABLE_NS_ASSERTIONS = NO;
				ENABLE_STRICT_OBJC_MSGSEND = YES;
				GCC_C_LANGUAGE_STANDARD = gnu11;
				GCC_NO_COMMON_BLOCKS = YES;
				GCC_WARN_64_TO_32_BIT_CONVERSION = YES;
				GCC_WARN_ABOUT_RETURN_TYPE = YES_ERROR;
				GCC_WARN_UNDECLARED_SELECTOR = YES;
				GCC_WARN_UNINITIALIZED_AUTOS = YES_AGGRESSIVE;
				GCC_WARN_UNUSED_FUNCTION = YES;
				GCC_WARN_UNUSED_VARIABLE = YES;
				IPHONEOS_DEPLOYMENT_TARGET = 15.4;
				MTL_ENABLE_DEBUG_INFO = NO;
				MTL_FAST_MATH = YES;
				SDKROOT = iphoneos;
				SWIFT_COMPILATION_MODE = wholemodule;
				SWIFT_OPTIMIZATION_LEVEL = "-O";
				VALIDATE_PRODUCT = YES;
			};
			name = Release;
		};
		35FD8C372843B263000CB9E4 /* Debug */ = {
			isa = XCBuildConfiguration;
			buildSettings = {
				ASSETCATALOG_COMPILER_APPICON_NAME = AppIcon;
				ASSETCATALOG_COMPILER_GLOBAL_ACCENT_COLOR_NAME = AccentColor;
				CODE_SIGN_STYLE = Automatic;
				CURRENT_PROJECT_VERSION = 1;
				DEVELOPMENT_TEAM = UP63C7G7P8;
				GENERATE_INFOPLIST_FILE = YES;
				INFOPLIST_FILE = twitter/Info.plist;
				INFOPLIST_KEY_UIApplicationSupportsIndirectInputEvents = YES;
				INFOPLIST_KEY_UILaunchStoryboardName = LaunchScreen;
				INFOPLIST_KEY_UIMainStoryboardFile = Main;
				INFOPLIST_KEY_UISupportedInterfaceOrientations_iPad = "UIInterfaceOrientationPortrait UIInterfaceOrientationPortraitUpsideDown UIInterfaceOrientationLandscapeLeft UIInterfaceOrientationLandscapeRight";
				INFOPLIST_KEY_UISupportedInterfaceOrientations_iPhone = "UIInterfaceOrientationPortrait UIInterfaceOrientationLandscapeLeft UIInterfaceOrientationLandscapeRight";
				LD_RUNPATH_SEARCH_PATHS = (
					"$(inherited)",
					"@executable_path/Frameworks",
				);
				MARKETING_VERSION = 1.0;
				PRODUCT_BUNDLE_IDENTIFIER = com.iRogerz.twitter;
				PRODUCT_NAME = "$(TARGET_NAME)";
				SWIFT_EMIT_LOC_STRINGS = YES;
				SWIFT_VERSION = 5.0;
				TARGETED_DEVICE_FAMILY = "1,2";
			};
			name = Debug;
		};
		35FD8C382843B263000CB9E4 /* Release */ = {
			isa = XCBuildConfiguration;
			buildSettings = {
				ASSETCATALOG_COMPILER_APPICON_NAME = AppIcon;
				ASSETCATALOG_COMPILER_GLOBAL_ACCENT_COLOR_NAME = AccentColor;
				CODE_SIGN_STYLE = Automatic;
				CURRENT_PROJECT_VERSION = 1;
				DEVELOPMENT_TEAM = UP63C7G7P8;
				GENERATE_INFOPLIST_FILE = YES;
				INFOPLIST_FILE = twitter/Info.plist;
				INFOPLIST_KEY_UIApplicationSupportsIndirectInputEvents = YES;
				INFOPLIST_KEY_UILaunchStoryboardName = LaunchScreen;
				INFOPLIST_KEY_UIMainStoryboardFile = Main;
				INFOPLIST_KEY_UISupportedInterfaceOrientations_iPad = "UIInterfaceOrientationPortrait UIInterfaceOrientationPortraitUpsideDown UIInterfaceOrientationLandscapeLeft UIInterfaceOrientationLandscapeRight";
				INFOPLIST_KEY_UISupportedInterfaceOrientations_iPhone = "UIInterfaceOrientationPortrait UIInterfaceOrientationLandscapeLeft UIInterfaceOrientationLandscapeRight";
				LD_RUNPATH_SEARCH_PATHS = (
					"$(inherited)",
					"@executable_path/Frameworks",
				);
				MARKETING_VERSION = 1.0;
				PRODUCT_BUNDLE_IDENTIFIER = com.iRogerz.twitter;
				PRODUCT_NAME = "$(TARGET_NAME)";
				SWIFT_EMIT_LOC_STRINGS = YES;
				SWIFT_VERSION = 5.0;
				TARGETED_DEVICE_FAMILY = "1,2";
			};
			name = Release;
		};
		35FD8C3A2843B263000CB9E4 /* Debug */ = {
			isa = XCBuildConfiguration;
			buildSettings = {
				ALWAYS_EMBED_SWIFT_STANDARD_LIBRARIES = YES;
				BUNDLE_LOADER = "$(TEST_HOST)";
				CODE_SIGN_STYLE = Automatic;
				CURRENT_PROJECT_VERSION = 1;
				DEVELOPMENT_TEAM = UP63C7G7P8;
				GENERATE_INFOPLIST_FILE = YES;
				IPHONEOS_DEPLOYMENT_TARGET = 15.4;
				MARKETING_VERSION = 1.0;
				PRODUCT_BUNDLE_IDENTIFIER = com.iRogerz.twitterTests;
				PRODUCT_NAME = "$(TARGET_NAME)";
				SWIFT_EMIT_LOC_STRINGS = NO;
				SWIFT_VERSION = 5.0;
				TARGETED_DEVICE_FAMILY = "1,2";
				TEST_HOST = "$(BUILT_PRODUCTS_DIR)/twitter.app/twitter";
			};
			name = Debug;
		};
		35FD8C3B2843B263000CB9E4 /* Release */ = {
			isa = XCBuildConfiguration;
			buildSettings = {
				ALWAYS_EMBED_SWIFT_STANDARD_LIBRARIES = YES;
				BUNDLE_LOADER = "$(TEST_HOST)";
				CODE_SIGN_STYLE = Automatic;
				CURRENT_PROJECT_VERSION = 1;
				DEVELOPMENT_TEAM = UP63C7G7P8;
				GENERATE_INFOPLIST_FILE = YES;
				IPHONEOS_DEPLOYMENT_TARGET = 15.4;
				MARKETING_VERSION = 1.0;
				PRODUCT_BUNDLE_IDENTIFIER = com.iRogerz.twitterTests;
				PRODUCT_NAME = "$(TARGET_NAME)";
				SWIFT_EMIT_LOC_STRINGS = NO;
				SWIFT_VERSION = 5.0;
				TARGETED_DEVICE_FAMILY = "1,2";
				TEST_HOST = "$(BUILT_PRODUCTS_DIR)/twitter.app/twitter";
			};
			name = Release;
		};
		35FD8C3D2843B263000CB9E4 /* Debug */ = {
			isa = XCBuildConfiguration;
			buildSettings = {
				ALWAYS_EMBED_SWIFT_STANDARD_LIBRARIES = YES;
				CODE_SIGN_STYLE = Automatic;
				CURRENT_PROJECT_VERSION = 1;
				DEVELOPMENT_TEAM = UP63C7G7P8;
				GENERATE_INFOPLIST_FILE = YES;
				MARKETING_VERSION = 1.0;
				PRODUCT_BUNDLE_IDENTIFIER = com.iRogerz.twitterUITests;
				PRODUCT_NAME = "$(TARGET_NAME)";
				SWIFT_EMIT_LOC_STRINGS = NO;
				SWIFT_VERSION = 5.0;
				TARGETED_DEVICE_FAMILY = "1,2";
				TEST_TARGET_NAME = twitter;
			};
			name = Debug;
		};
		35FD8C3E2843B263000CB9E4 /* Release */ = {
			isa = XCBuildConfiguration;
			buildSettings = {
				ALWAYS_EMBED_SWIFT_STANDARD_LIBRARIES = YES;
				CODE_SIGN_STYLE = Automatic;
				CURRENT_PROJECT_VERSION = 1;
				DEVELOPMENT_TEAM = UP63C7G7P8;
				GENERATE_INFOPLIST_FILE = YES;
				MARKETING_VERSION = 1.0;
				PRODUCT_BUNDLE_IDENTIFIER = com.iRogerz.twitterUITests;
				PRODUCT_NAME = "$(TARGET_NAME)";
				SWIFT_EMIT_LOC_STRINGS = NO;
				SWIFT_VERSION = 5.0;
				TARGETED_DEVICE_FAMILY = "1,2";
				TEST_TARGET_NAME = twitter;
			};
			name = Release;
		};
/* End XCBuildConfiguration section */

/* Begin XCConfigurationList section */
		35FD8C072843B261000CB9E4 /* Build configuration list for PBXProject "twitter" */ = {
			isa = XCConfigurationList;
			buildConfigurations = (
				35FD8C342843B263000CB9E4 /* Debug */,
				35FD8C352843B263000CB9E4 /* Release */,
			);
			defaultConfigurationIsVisible = 0;
			defaultConfigurationName = Release;
		};
		35FD8C362843B263000CB9E4 /* Build configuration list for PBXNativeTarget "twitter" */ = {
			isa = XCConfigurationList;
			buildConfigurations = (
				35FD8C372843B263000CB9E4 /* Debug */,
				35FD8C382843B263000CB9E4 /* Release */,
			);
			defaultConfigurationIsVisible = 0;
			defaultConfigurationName = Release;
		};
		35FD8C392843B263000CB9E4 /* Build configuration list for PBXNativeTarget "twitterTests" */ = {
			isa = XCConfigurationList;
			buildConfigurations = (
				35FD8C3A2843B263000CB9E4 /* Debug */,
				35FD8C3B2843B263000CB9E4 /* Release */,
			);
			defaultConfigurationIsVisible = 0;
			defaultConfigurationName = Release;
		};
		35FD8C3C2843B263000CB9E4 /* Build configuration list for PBXNativeTarget "twitterUITests" */ = {
			isa = XCConfigurationList;
			buildConfigurations = (
				35FD8C3D2843B263000CB9E4 /* Debug */,
				35FD8C3E2843B263000CB9E4 /* Release */,
			);
			defaultConfigurationIsVisible = 0;
			defaultConfigurationName = Release;
		};
/* End XCConfigurationList section */
	};
	rootObject = 35FD8C042843B261000CB9E4 /* Project object */;
}
